<?xml version="1.0" encoding="UTF-8"?>
<CodeBlocks_project_file>
	<FileVersion major="1" minor="6"/>
	<Project>
		<Option title="orangepidriver"/>
		<Option makefile_is_custom="1"/>
		<Option compiler="clang"/>
		<Option virtualFolders="CMake Files\;CMake Files\..\;CMake Files\..\..\;CMake Files\..\..\..\;CMake Files\..\..\..\..\;CMake Files\..\..\..\..\..\;CMake Files\..\..\..\..\..\usr\;CMake Files\..\..\..\..\..\usr\lib\;CMake Files\..\..\..\..\..\usr\lib\x86_64-linux-gnu\;CMake Files\..\..\..\..\..\usr\lib\x86_64-linux-gnu\cmake\;CMake Files\..\..\..\..\..\usr\lib\x86_64-linux-gnu\cmake\Qt5\;CMake Files\..\..\..\..\..\usr\lib\x86_64-linux-gnu\cmake\Qt5Core\;CMake Files\..\..\..\..\..\usr\lib\x86_64-linux-gnu\cmake\Qt5Quick\;CMake Files\..\..\..\..\..\usr\lib\x86_64-linux-gnu\cmake\Qt5Qml\;CMake Files\..\..\..\..\..\usr\lib\x86_64-linux-gnu\cmake\Qt5Network\;CMake Files\..\..\..\..\..\usr\lib\x86_64-linux-gnu\cmake\Qt5Gui\;"/>
		<Build>
			<Target title="all">
				<Option working_dir="/home/f11gar0/projects/orangepidriver/Call-Nurse-driver"/>
				<Option type="4"/>
				<MakeCommands>
					<Build command="/usr/bin/make -j2 -f &quot;/home/f11gar0/projects/orangepidriver/Call-Nurse-driver/Makefile&quot;  VERBOSE=1 all"/>
					<CompileFile command="/usr/bin/make -j2 -f &quot;/home/f11gar0/projects/orangepidriver/Call-Nurse-driver/Makefile&quot;  VERBOSE=1 &quot;$file&quot;"/>
					<Clean command="/usr/bin/make -j2 -f &quot;/home/f11gar0/projects/orangepidriver/Call-Nurse-driver/Makefile&quot;  VERBOSE=1 clean"/>
					<DistClean command="/usr/bin/make -j2 -f &quot;/home/f11gar0/projects/orangepidriver/Call-Nurse-driver/Makefile&quot;  VERBOSE=1 clean"/>
				</MakeCommands>
			</Target>
			<Target title="rebuild_cache">
				<Option working_dir="/home/f11gar0/projects/orangepidriver/Call-Nurse-driver"/>
				<Option type="4"/>
				<MakeCommands>
					<Build command="/usr/bin/make -j2 -f &quot;/home/f11gar0/projects/orangepidriver/Call-Nurse-driver/Makefile&quot;  VERBOSE=1 rebuild_cache"/>
					<CompileFile command="/usr/bin/make -j2 -f &quot;/home/f11gar0/projects/orangepidriver/Call-Nurse-driver/Makefile&quot;  VERBOSE=1 &quot;$file&quot;"/>
					<Clean command="/usr/bin/make -j2 -f &quot;/home/f11gar0/projects/orangepidriver/Call-Nurse-driver/Makefile&quot;  VERBOSE=1 clean"/>
					<DistClean command="/usr/bin/make -j2 -f &quot;/home/f11gar0/projects/orangepidriver/Call-Nurse-driver/Makefile&quot;  VERBOSE=1 clean"/>
				</MakeCommands>
			</Target>
			<Target title="orangepidriver">
				<Option output="/home/f11gar0/projects/orangepidriver/Call-Nurse-driver/orangepidriver" prefix_auto="0" extension_auto="0"/>
				<Option working_dir="/home/f11gar0/projects/orangepidriver/Call-Nurse-driver"/>
				<Option object_output="./"/>
				<Option type="1"/>
				<Option compiler="clang"/>
				<Compiler>
					<Add option="-DQT_CORE_LIB"/>
					<Add option="-DQT_NO_DEBUG"/>
					<Add option="-DQT_QUICK_LIB"/>
					<Add option="-DQT_QML_LIB"/>
					<Add option="-DQT_NETWORK_LIB"/>
					<Add option="-DQT_GUI_LIB"/>
					<Add directory="/home/f11gar0/projects/orangepidriver/Call-Nurse-driver"/>
					<Add directory="/home/f11gar0/projects/orangepidriver/Call-Nurse-driver/orangepidriver_autogen/include"/>
					<Add directory="/udp"/>
					<Add directory="/bytestream"/>
					<Add directory="/query"/>
					<Add directory="/usr/include/x86_64-linux-gnu/qt5"/>
					<Add directory="/usr/include/x86_64-linux-gnu/qt5/QtCore"/>
					<Add directory="/usr/lib/x86_64-linux-gnu/qt5/mkspecs/linux-g++"/>
					<Add directory="/usr/include/x86_64-linux-gnu/qt5/QtQuick"/>
					<Add directory="/usr/include/x86_64-linux-gnu/qt5/QtQml"/>
					<Add directory="/usr/include/x86_64-linux-gnu/qt5/QtNetwork"/>
					<Add directory="/usr/include/x86_64-linux-gnu/qt5/QtGui"/>
					<Add directory="/usr/bin/../lib/gcc/x86_64-linux-gnu/7.5.0/../../../../include/c++/7.5.0"/>
					<Add directory="/usr/bin/../lib/gcc/x86_64-linux-gnu/7.5.0/../../../../include/x86_64-linux-gnu/c++/7.5.0"/>
					<Add directory="/usr/bin/../lib/gcc/x86_64-linux-gnu/7.5.0/../../../../include/c++/7.5.0/backward"/>
					<Add directory="/usr/include/clang/6.0.0/include"/>
					<Add directory="/usr/local/include"/>
					<Add directory="/usr/include/x86_64-linux-gnu"/>
					<Add directory="/usr/include"/>
				</Compiler>
				<MakeCommands>
					<Build command="/usr/bin/make -j2 -f &quot;/home/f11gar0/projects/orangepidriver/Call-Nurse-driver/Makefile&quot;  VERBOSE=1 orangepidriver"/>
					<CompileFile command="/usr/bin/make -j2 -f &quot;/home/f11gar0/projects/orangepidriver/Call-Nurse-driver/Makefile&quot;  VERBOSE=1 &quot;$file&quot;"/>
					<Clean command="/usr/bin/make -j2 -f &quot;/home/f11gar0/projects/orangepidriver/Call-Nurse-driver/Makefile&quot;  VERBOSE=1 clean"/>
					<DistClean command="/usr/bin/make -j2 -f &quot;/home/f11gar0/projects/orangepidriver/Call-Nurse-driver/Makefile&quot;  VERBOSE=1 clean"/>
				</MakeCommands>
			</Target>
			<Target title="orangepidriver/fast">
				<Option output="/home/f11gar0/projects/orangepidriver/Call-Nurse-driver/orangepidriver" prefix_auto="0" extension_auto="0"/>
				<Option working_dir="/home/f11gar0/projects/orangepidriver/Call-Nurse-driver"/>
				<Option object_output="./"/>
				<Option type="1"/>
				<Option compiler="clang"/>
				<Compiler>
					<Add option="-DQT_CORE_LIB"/>
					<Add option="-DQT_NO_DEBUG"/>
					<Add option="-DQT_QUICK_LIB"/>
					<Add option="-DQT_QML_LIB"/>
					<Add option="-DQT_NETWORK_LIB"/>
					<Add option="-DQT_GUI_LIB"/>
					<Add directory="/home/f11gar0/projects/orangepidriver/Call-Nurse-driver"/>
					<Add directory="/home/f11gar0/projects/orangepidriver/Call-Nurse-driver/orangepidriver_autogen/include"/>
					<Add directory="/udp"/>
					<Add directory="/bytestream"/>
					<Add directory="/query"/>
					<Add directory="/usr/include/x86_64-linux-gnu/qt5"/>
					<Add directory="/usr/include/x86_64-linux-gnu/qt5/QtCore"/>
					<Add directory="/usr/lib/x86_64-linux-gnu/qt5/mkspecs/linux-g++"/>
					<Add directory="/usr/include/x86_64-linux-gnu/qt5/QtQuick"/>
					<Add directory="/usr/include/x86_64-linux-gnu/qt5/QtQml"/>
					<Add directory="/usr/include/x86_64-linux-gnu/qt5/QtNetwork"/>
					<Add directory="/usr/include/x86_64-linux-gnu/qt5/QtGui"/>
					<Add directory="/usr/bin/../lib/gcc/x86_64-linux-gnu/7.5.0/../../../../include/c++/7.5.0"/>
					<Add directory="/usr/bin/../lib/gcc/x86_64-linux-gnu/7.5.0/../../../../include/x86_64-linux-gnu/c++/7.5.0"/>
					<Add directory="/usr/bin/../lib/gcc/x86_64-linux-gnu/7.5.0/../../../../include/c++/7.5.0/backward"/>
					<Add directory="/usr/include/clang/6.0.0/include"/>
					<Add directory="/usr/local/include"/>
					<Add directory="/usr/include/x86_64-linux-gnu"/>
					<Add directory="/usr/include"/>
				</Compiler>
				<MakeCommands>
					<Build command="/usr/bin/make -j2 -f &quot;/home/f11gar0/projects/orangepidriver/Call-Nurse-driver/Makefile&quot;  VERBOSE=1 orangepidriver/fast"/>
					<CompileFile command="/usr/bin/make -j2 -f &quot;/home/f11gar0/projects/orangepidriver/Call-Nurse-driver/Makefile&quot;  VERBOSE=1 &quot;$file&quot;"/>
					<Clean command="/usr/bin/make -j2 -f &quot;/home/f11gar0/projects/orangepidriver/Call-Nurse-driver/Makefile&quot;  VERBOSE=1 clean"/>
					<DistClean command="/usr/bin/make -j2 -f &quot;/home/f11gar0/projects/orangepidriver/Call-Nurse-driver/Makefile&quot;  VERBOSE=1 clean"/>
				</MakeCommands>
			</Target>
			<Target title="edit_cache">
				<Option working_dir="/home/f11gar0/projects/orangepidriver/Call-Nurse-driver"/>
				<Option type="4"/>
				<MakeCommands>
					<Build command="/usr/bin/make -j2 -f &quot;/home/f11gar0/projects/orangepidriver/Call-Nurse-driver/Makefile&quot;  VERBOSE=1 edit_cache"/>
					<CompileFile command="/usr/bin/make -j2 -f &quot;/home/f11gar0/projects/orangepidriver/Call-Nurse-driver/Makefile&quot;  VERBOSE=1 &quot;$file&quot;"/>
					<Clean command="/usr/bin/make -j2 -f &quot;/home/f11gar0/projects/orangepidriver/Call-Nurse-driver/Makefile&quot;  VERBOSE=1 clean"/>
					<DistClean command="/usr/bin/make -j2 -f &quot;/home/f11gar0/projects/orangepidriver/Call-Nurse-driver/Makefile&quot;  VERBOSE=1 clean"/>
				</MakeCommands>
			</Target>
			<Target title="orangepidriver_autogen">
				<Option working_dir="/home/f11gar0/projects/orangepidriver/Call-Nurse-driver"/>
				<Option type="4"/>
				<MakeCommands>
					<Build command="/usr/bin/make -j2 -f &quot;/home/f11gar0/projects/orangepidriver/Call-Nurse-driver/Makefile&quot;  VERBOSE=1 orangepidriver_autogen"/>
					<CompileFile command="/usr/bin/make -j2 -f &quot;/home/f11gar0/projects/orangepidriver/Call-Nurse-driver/Makefile&quot;  VERBOSE=1 &quot;$file&quot;"/>
					<Clean command="/usr/bin/make -j2 -f &quot;/home/f11gar0/projects/orangepidriver/Call-Nurse-driver/Makefile&quot;  VERBOSE=1 clean"/>
					<DistClean command="/usr/bin/make -j2 -f &quot;/home/f11gar0/projects/orangepidriver/Call-Nurse-driver/Makefile&quot;  VERBOSE=1 clean"/>
				</MakeCommands>
			</Target>
		</Build>
		<Unit filename="/home/f11gar0/projects/orangepidriver/Call-Nurse-driver/bytestream/ByteStream.cpp">
			<Option target="orangepidriver"/>
		</Unit>
		<Unit filename="/home/f11gar0/projects/orangepidriver/Call-Nurse-driver/bytestream/ByteStream.h">
			<Option target="orangepidriver"/>
		</Unit>
		<Unit filename="/home/f11gar0/projects/orangepidriver/Call-Nurse-driver/main.cpp">
			<Option target="orangepidriver"/>
		</Unit>
		<Unit filename="/home/f11gar0/projects/orangepidriver/Call-Nurse-driver/main.h">
			<Option target="orangepidriver"/>
		</Unit>
		<Unit filename="/home/f11gar0/projects/orangepidriver/Call-Nurse-driver/orangepidriver_autogen/EWIEGA46WW/qrc_qml.cpp">
			<Option target="orangepidriver"/>
		</Unit>
		<Unit filename="/home/f11gar0/projects/orangepidriver/Call-Nurse-driver/orangepidriver_autogen/mocs_compilation.cpp">
			<Option target="orangepidriver"/>
		</Unit>
		<Unit filename="/home/f11gar0/projects/orangepidriver/Call-Nurse-driver/qml.qrc">
			<Option target="orangepidriver"/>
		</Unit>
		<Unit filename="/home/f11gar0/projects/orangepidriver/Call-Nurse-driver/query/Query.cpp">
			<Option target="orangepidriver"/>
		</Unit>
		<Unit filename="/home/f11gar0/projects/orangepidriver/Call-Nurse-driver/query/Query.h">
			<Option target="orangepidriver"/>
		</Unit>
		<Unit filename="/home/f11gar0/projects/orangepidriver/Call-Nurse-driver/query/SortedQuery.cpp">
			<Option target="orangepidriver"/>
		</Unit>
		<Unit filename="/home/f11gar0/projects/orangepidriver/Call-Nurse-driver/query/SortedQuery.h">
			<Option target="orangepidriver"/>
		</Unit>
		<Unit filename="/home/f11gar0/projects/orangepidriver/Call-Nurse-driver/udp/UdpClient.cpp">
			<Option target="orangepidriver"/>
		</Unit>
		<Unit filename="/home/f11gar0/projects/orangepidriver/Call-Nurse-driver/udp/UdpClient.h">
			<Option target="orangepidriver"/>
		</Unit>
		<Unit filename="/home/f11gar0/projects/orangepidriver/Call-Nurse-driver/CMakeLists.txt">
			<Option virtualFolder="CMake Files\"/>
		</Unit>
		<Unit filename="/home/f11gar0/projects/orangepidriver/Call-Nurse-driver/qml.qrc">
			<Option virtualFolder="CMake Files\"/>
		</Unit>
		<Unit filename="/home/f11gar0/projects/orangepidriver/Call-Nurse-driver/../../../../../usr/lib/x86_64-linux-gnu/cmake/Qt5/Qt5Config.cmake">
			<Option virtualFolder="CMake Files\..\..\..\..\..\usr\lib\x86_64-linux-gnu\cmake\Qt5\"/>
		</Unit>
		<Unit filename="/home/f11gar0/projects/orangepidriver/Call-Nurse-driver/../../../../../usr/lib/x86_64-linux-gnu/cmake/Qt5/Qt5ConfigVersion.cmake">
			<Option virtualFolder="CMake Files\..\..\..\..\..\usr\lib\x86_64-linux-gnu\cmake\Qt5\"/>
		</Unit>
		<Unit filename="/home/f11gar0/projects/orangepidriver/Call-Nurse-driver/../../../../../usr/lib/x86_64-linux-gnu/cmake/Qt5/Qt5ModuleLocation.cmake">
			<Option virtualFolder="CMake Files\..\..\..\..\..\usr\lib\x86_64-linux-gnu\cmake\Qt5\"/>
		</Unit>
		<Unit filename="/home/f11gar0/projects/orangepidriver/Call-Nurse-driver/../../../../../usr/lib/x86_64-linux-gnu/cmake/Qt5Core/Qt5CoreConfig.cmake">
			<Option virtualFolder="CMake Files\..\..\..\..\..\usr\lib\x86_64-linux-gnu\cmake\Qt5Core\"/>
		</Unit>
		<Unit filename="/home/f11gar0/projects/orangepidriver/Call-Nurse-driver/../../../../../usr/lib/x86_64-linux-gnu/cmake/Qt5Core/Qt5CoreConfigExtras.cmake">
			<Option virtualFolder="CMake Files\..\..\..\..\..\usr\lib\x86_64-linux-gnu\cmake\Qt5Core\"/>
		</Unit>
		<Unit filename="/home/f11gar0/projects/orangepidriver/Call-Nurse-driver/../../../../../usr/lib/x86_64-linux-gnu/cmake/Qt5Core/Qt5CoreConfigExtrasMkspecDir.cmake">
			<Option virtualFolder="CMake Files\..\..\..\..\..\usr\lib\x86_64-linux-gnu\cmake\Qt5Core\"/>
		</Unit>
		<Unit filename="/home/f11gar0/projects/orangepidriver/Call-Nurse-driver/../../../../../usr/lib/x86_64-linux-gnu/cmake/Qt5Core/Qt5CoreConfigVersion.cmake">
			<Option virtualFolder="CMake Files\..\..\..\..\..\usr\lib\x86_64-linux-gnu\cmake\Qt5Core\"/>
		</Unit>
		<Unit filename="/home/f11gar0/projects/orangepidriver/Call-Nurse-driver/../../../../../usr/lib/x86_64-linux-gnu/cmake/Qt5Core/Qt5CoreMacros.cmake">
			<Option virtualFolder="CMake Files\..\..\..\..\..\usr\lib\x86_64-linux-gnu\cmake\Qt5Core\"/>
		</Unit>
		<Unit filename="/home/f11gar0/projects/orangepidriver/Call-Nurse-driver/../../../../../usr/lib/x86_64-linux-gnu/cmake/Qt5Quick/Qt5QuickConfig.cmake">
			<Option virtualFolder="CMake Files\..\..\..\..\..\usr\lib\x86_64-linux-gnu\cmake\Qt5Quick\"/>
		</Unit>
		<Unit filename="/home/f11gar0/projects/orangepidriver/Call-Nurse-driver/../../../../../usr/lib/x86_64-linux-gnu/cmake/Qt5Quick/Qt5QuickConfigVersion.cmake">
			<Option virtualFolder="CMake Files\..\..\..\..\..\usr\lib\x86_64-linux-gnu\cmake\Qt5Quick\"/>
		</Unit>
		<Unit filename="/home/f11gar0/projects/orangepidriver/Call-Nurse-driver/../../../../../usr/lib/x86_64-linux-gnu/cmake/Qt5Qml/Qt5QmlConfig.cmake">
			<Option virtualFolder="CMake Files\..\..\..\..\..\usr\lib\x86_64-linux-gnu\cmake\Qt5Qml\"/>
		</Unit>
		<Unit filename="/home/f11gar0/projects/orangepidriver/Call-Nurse-driver/../../../../../usr/lib/x86_64-linux-gnu/cmake/Qt5Qml/Qt5QmlConfigExtras.cmake">
			<Option virtualFolder="CMake Files\..\..\..\..\..\usr\lib\x86_64-linux-gnu\cmake\Qt5Qml\"/>
		</Unit>
		<Unit filename="/home/f11gar0/projects/orangepidriver/Call-Nurse-driver/../../../../../usr/lib/x86_64-linux-gnu/cmake/Qt5Qml/Qt5QmlConfigVersion.cmake">
			<Option virtualFolder="CMake Files\..\..\..\..\..\usr\lib\x86_64-linux-gnu\cmake\Qt5Qml\"/>
		</Unit>
		<Unit filename="/home/f11gar0/projects/orangepidriver/Call-Nurse-driver/../../../../../usr/lib/x86_64-linux-gnu/cmake/Qt5Qml/Qt5Qml_QDebugMessageServiceFactory.cmake">
			<Option virtualFolder="CMake Files\..\..\..\..\..\usr\lib\x86_64-linux-gnu\cmake\Qt5Qml\"/>
		</Unit>
		<Unit filename="/home/f11gar0/projects/orangepidriver/Call-Nurse-driver/../../../../../usr/lib/x86_64-linux-gnu/cmake/Qt5Qml/Qt5Qml_QLocalClientConnectionFactory.cmake">
			<Option virtualFolder="CMake Files\..\..\..\..\..\usr\lib\x86_64-linux-gnu\cmake\Qt5Qml\"/>
		</Unit>
		<Unit filename="/home/f11gar0/projects/orangepidriver/Call-Nurse-driver/../../../../../usr/lib/x86_64-linux-gnu/cmake/Qt5Qml/Qt5Qml_QQmlDebugServerFactory.cmake">
			<Option virtualFolder="CMake Files\..\..\..\..\..\usr\lib\x86_64-linux-gnu\cmake\Qt5Qml\"/>
		</Unit>
		<Unit filename="/home/f11gar0/projects/orangepidriver/Call-Nurse-driver/../../../../../usr/lib/x86_64-linux-gnu/cmake/Qt5Qml/Qt5Qml_QQmlDebuggerServiceFactory.cmake">
			<Option virtualFolder="CMake Files\..\..\..\..\..\usr\lib\x86_64-linux-gnu\cmake\Qt5Qml\"/>
		</Unit>
		<Unit filename="/home/f11gar0/projects/orangepidriver/Call-Nurse-driver/../../../../../usr/lib/x86_64-linux-gnu/cmake/Qt5Qml/Qt5Qml_QQmlInspectorServiceFactory.cmake">
			<Option virtualFolder="CMake Files\..\..\..\..\..\usr\lib\x86_64-linux-gnu\cmake\Qt5Qml\"/>
		</Unit>
		<Unit filename="/home/f11gar0/projects/orangepidriver/Call-Nurse-driver/../../../../../usr/lib/x86_64-linux-gnu/cmake/Qt5Qml/Qt5Qml_QQmlNativeDebugConnectorFactory.cmake">
			<Option virtualFolder="CMake Files\..\..\..\..\..\usr\lib\x86_64-linux-gnu\cmake\Qt5Qml\"/>
		</Unit>
		<Unit filename="/home/f11gar0/projects/orangepidriver/Call-Nurse-driver/../../../../../usr/lib/x86_64-linux-gnu/cmake/Qt5Qml/Qt5Qml_QQmlNativeDebugServiceFactory.cmake">
			<Option virtualFolder="CMake Files\..\..\..\..\..\usr\lib\x86_64-linux-gnu\cmake\Qt5Qml\"/>
		</Unit>
		<Unit filename="/home/f11gar0/projects/orangepidriver/Call-Nurse-driver/../../../../../usr/lib/x86_64-linux-gnu/cmake/Qt5Qml/Qt5Qml_QQmlProfilerServiceFactory.cmake">
			<Option virtualFolder="CMake Files\..\..\..\..\..\usr\lib\x86_64-linux-gnu\cmake\Qt5Qml\"/>
		</Unit>
		<Unit filename="/home/f11gar0/projects/orangepidriver/Call-Nurse-driver/../../../../../usr/lib/x86_64-linux-gnu/cmake/Qt5Qml/Qt5Qml_QQuickProfilerAdapterFactory.cmake">
			<Option virtualFolder="CMake Files\..\..\..\..\..\usr\lib\x86_64-linux-gnu\cmake\Qt5Qml\"/>
		</Unit>
		<Unit filename="/home/f11gar0/projects/orangepidriver/Call-Nurse-driver/../../../../../usr/lib/x86_64-linux-gnu/cmake/Qt5Qml/Qt5Qml_QTcpServerConnectionFactory.cmake">
			<Option virtualFolder="CMake Files\..\..\..\..\..\usr\lib\x86_64-linux-gnu\cmake\Qt5Qml\"/>
		</Unit>
		<Unit filename="/home/f11gar0/projects/orangepidriver/Call-Nurse-driver/../../../../../usr/lib/x86_64-linux-gnu/cmake/Qt5Network/Qt5NetworkConfig.cmake">
			<Option virtualFolder="CMake Files\..\..\..\..\..\usr\lib\x86_64-linux-gnu\cmake\Qt5Network\"/>
		</Unit>
		<Unit filename="/home/f11gar0/projects/orangepidriver/Call-Nurse-driver/../../../../../usr/lib/x86_64-linux-gnu/cmake/Qt5Network/Qt5NetworkConfigVersion.cmake">
			<Option virtualFolder="CMake Files\..\..\..\..\..\usr\lib\x86_64-linux-gnu\cmake\Qt5Network\"/>
		</Unit>
		<Unit filename="/home/f11gar0/projects/orangepidriver/Call-Nurse-driver/../../../../../usr/lib/x86_64-linux-gnu/cmake/Qt5Gui/Qt5GuiConfig.cmake">
			<Option virtualFolder="CMake Files\..\..\..\..\..\usr\lib\x86_64-linux-gnu\cmake\Qt5Gui\"/>
		</Unit>
		<Unit filename="/home/f11gar0/projects/orangepidriver/Call-Nurse-driver/../../../../../usr/lib/x86_64-linux-gnu/cmake/Qt5Gui/Qt5GuiConfigExtras.cmake">
			<Option virtualFolder="CMake Files\..\..\..\..\..\usr\lib\x86_64-linux-gnu\cmake\Qt5Gui\"/>
		</Unit>
		<Unit filename="/home/f11gar0/projects/orangepidriver/Call-Nurse-driver/../../../../../usr/lib/x86_64-linux-gnu/cmake/Qt5Gui/Qt5GuiConfigVersion.cmake">
			<Option virtualFolder="CMake Files\..\..\..\..\..\usr\lib\x86_64-linux-gnu\cmake\Qt5Gui\"/>
		</Unit>
	</Project>
</CodeBlocks_project_file>
